// !$*UTF8*$!
{
	archiveVersion = 1;
	classes = {
	};
	objectVersion = 55;
	objects = {

/* Begin PBXBuildFile section */
		B00607E38A44EA0B4CA6FD2F /* Pods_Flix.framework in Frameworks */ = {isa = PBXBuildFile; fileRef = B110D5CDA8C3CE3C5B8316E9 /* Pods_Flix.framework */; };
		B63C06BB27BF8250002C53C4 /* AppDelegate.swift in Sources */ = {isa = PBXBuildFile; fileRef = B63C06BA27BF8250002C53C4 /* AppDelegate.swift */; };
		B63C06BD27BF8250002C53C4 /* SceneDelegate.swift in Sources */ = {isa = PBXBuildFile; fileRef = B63C06BC27BF8250002C53C4 /* SceneDelegate.swift */; };
		B63C06BF27BF8250002C53C4 /* ViewController.swift in Sources */ = {isa = PBXBuildFile; fileRef = B63C06BE27BF8250002C53C4 /* ViewController.swift */; };
		B63C06C227BF8250002C53C4 /* Main.storyboard in Resources */ = {isa = PBXBuildFile; fileRef = B63C06C027BF8250002C53C4 /* Main.storyboard */; };
		B63C06C727BF8251002C53C4 /* LaunchScreen.storyboard in Resources */ = {isa = PBXBuildFile; fileRef = B63C06C527BF8251002C53C4 /* LaunchScreen.storyboard */; };
		B63C06D227BF8251002C53C4 /* FlixTests.swift in Sources */ = {isa = PBXBuildFile; fileRef = B63C06D127BF8251002C53C4 /* FlixTests.swift */; };
		B63C06DC27BF8251002C53C4 /* FlixUITests.swift in Sources */ = {isa = PBXBuildFile; fileRef = B63C06DB27BF8251002C53C4 /* FlixUITests.swift */; };
		B63C06DE27BF8252002C53C4 /* FlixUITestsLaunchTests.swift in Sources */ = {isa = PBXBuildFile; fileRef = B63C06DD27BF8251002C53C4 /* FlixUITestsLaunchTests.swift */; };
		B63C06F127C0733A002C53C4 /* Assets.xcassets in Resources */ = {isa = PBXBuildFile; fileRef = B63C06F027C0733A002C53C4 /* Assets.xcassets */; };
		B63C06F327C07934002C53C4 /* MoviesViewController.swift in Sources */ = {isa = PBXBuildFile; fileRef = B63C06F227C07934002C53C4 /* MoviesViewController.swift */; };
		B63C06F527C09831002C53C4 /* MovieCell.swift in Sources */ = {isa = PBXBuildFile; fileRef = B63C06F427C09831002C53C4 /* MovieCell.swift */; };
		B63C06F827C0A37E002C53C4 /* AlamofireImage in Frameworks */ = {isa = PBXBuildFile; productRef = B63C06F727C0A37E002C53C4 /* AlamofireImage */; };
		D876FC315BECC8DED482141D /* Pods_Flix_FlixUITests.framework in Frameworks */ = {isa = PBXBuildFile; fileRef = 83AEF56E4A2580830EE18B77 /* Pods_Flix_FlixUITests.framework */; };
		EF30E4FDD3036E8F0E1A2104 /* Pods_FlixTests.framework in Frameworks */ = {isa = PBXBuildFile; fileRef = D20AECA2FC3ED04243E9005A /* Pods_FlixTests.framework */; };
/* End PBXBuildFile section */

/* Begin PBXContainerItemProxy section */
		B63C06CE27BF8251002C53C4 /* PBXContainerItemProxy */ = {
			isa = PBXContainerItemProxy;
			containerPortal = B63C06AF27BF8250002C53C4 /* Project object */;
			proxyType = 1;
			remoteGlobalIDString = B63C06B627BF8250002C53C4;
			remoteInfo = Flix;
		};
		B63C06D827BF8251002C53C4 /* PBXContainerItemProxy */ = {
			isa = PBXContainerItemProxy;
			containerPortal = B63C06AF27BF8250002C53C4 /* Project object */;
			proxyType = 1;
			remoteGlobalIDString = B63C06B627BF8250002C53C4;
			remoteInfo = Flix;
		};
/* End PBXContainerItemProxy section */

/* Begin PBXFileReference section */
		4825DF957FF67763F49FCFBE /* Pods-FlixTests.release.xcconfig */ = {isa = PBXFileReference; includeInIndex = 1; lastKnownFileType = text.xcconfig; name = "Pods-FlixTests.release.xcconfig"; path = "Target Support Files/Pods-FlixTests/Pods-FlixTests.release.xcconfig"; sourceTree = "<group>"; };
		5D81D72D8ECE4FEE84568F49 /* Pods-Flix.release.xcconfig */ = {isa = PBXFileReference; includeInIndex = 1; lastKnownFileType = text.xcconfig; name = "Pods-Flix.release.xcconfig"; path = "Target Support Files/Pods-Flix/Pods-Flix.release.xcconfig"; sourceTree = "<group>"; };
		71A44CFB11C9D99BBBD70D4A /* Pods-Flix-FlixUITests.debug.xcconfig */ = {isa = PBXFileReference; includeInIndex = 1; lastKnownFileType = text.xcconfig; name = "Pods-Flix-FlixUITests.debug.xcconfig"; path = "Target Support Files/Pods-Flix-FlixUITests/Pods-Flix-FlixUITests.debug.xcconfig"; sourceTree = "<group>"; };
		83AEF56E4A2580830EE18B77 /* Pods_Flix_FlixUITests.framework */ = {isa = PBXFileReference; explicitFileType = wrapper.framework; includeInIndex = 0; path = Pods_Flix_FlixUITests.framework; sourceTree = BUILT_PRODUCTS_DIR; };
		9ABFE9C623B5400ABB1268F5 /* Pods-FlixTests.debug.xcconfig */ = {isa = PBXFileReference; includeInIndex = 1; lastKnownFileType = text.xcconfig; name = "Pods-FlixTests.debug.xcconfig"; path = "Target Support Files/Pods-FlixTests/Pods-FlixTests.debug.xcconfig"; sourceTree = "<group>"; };
		B110D5CDA8C3CE3C5B8316E9 /* Pods_Flix.framework */ = {isa = PBXFileReference; explicitFileType = wrapper.framework; includeInIndex = 0; path = Pods_Flix.framework; sourceTree = BUILT_PRODUCTS_DIR; };
		B14B5A8156C93DA5875D79D4 /* Pods-Flix-FlixUITests.release.xcconfig */ = {isa = PBXFileReference; includeInIndex = 1; lastKnownFileType = text.xcconfig; name = "Pods-Flix-FlixUITests.release.xcconfig"; path = "Target Support Files/Pods-Flix-FlixUITests/Pods-Flix-FlixUITests.release.xcconfig"; sourceTree = "<group>"; };
		B63C06B727BF8250002C53C4 /* Flix.app */ = {isa = PBXFileReference; explicitFileType = wrapper.application; includeInIndex = 0; path = Flix.app; sourceTree = BUILT_PRODUCTS_DIR; };
		B63C06BA27BF8250002C53C4 /* AppDelegate.swift */ = {isa = PBXFileReference; lastKnownFileType = sourcecode.swift; path = AppDelegate.swift; sourceTree = "<group>"; };
		B63C06BC27BF8250002C53C4 /* SceneDelegate.swift */ = {isa = PBXFileReference; lastKnownFileType = sourcecode.swift; path = SceneDelegate.swift; sourceTree = "<group>"; };
		B63C06BE27BF8250002C53C4 /* ViewController.swift */ = {isa = PBXFileReference; lastKnownFileType = sourcecode.swift; path = ViewController.swift; sourceTree = "<group>"; };
		B63C06C127BF8250002C53C4 /* Base */ = {isa = PBXFileReference; lastKnownFileType = file.storyboard; name = Base; path = Base.lproj/Main.storyboard; sourceTree = "<group>"; };
		B63C06C627BF8251002C53C4 /* Base */ = {isa = PBXFileReference; lastKnownFileType = file.storyboard; name = Base; path = Base.lproj/LaunchScreen.storyboard; sourceTree = "<group>"; };
		B63C06C827BF8251002C53C4 /* Info.plist */ = {isa = PBXFileReference; lastKnownFileType = text.plist.xml; path = Info.plist; sourceTree = "<group>"; };
		B63C06CD27BF8251002C53C4 /* FlixTests.xctest */ = {isa = PBXFileReference; explicitFileType = wrapper.cfbundle; includeInIndex = 0; path = FlixTests.xctest; sourceTree = BUILT_PRODUCTS_DIR; };
		B63C06D127BF8251002C53C4 /* FlixTests.swift */ = {isa = PBXFileReference; lastKnownFileType = sourcecode.swift; path = FlixTests.swift; sourceTree = "<group>"; };
		B63C06D727BF8251002C53C4 /* FlixUITests.xctest */ = {isa = PBXFileReference; explicitFileType = wrapper.cfbundle; includeInIndex = 0; path = FlixUITests.xctest; sourceTree = BUILT_PRODUCTS_DIR; };
		B63C06DB27BF8251002C53C4 /* FlixUITests.swift */ = {isa = PBXFileReference; lastKnownFileType = sourcecode.swift; path = FlixUITests.swift; sourceTree = "<group>"; };
		B63C06DD27BF8251002C53C4 /* FlixUITestsLaunchTests.swift */ = {isa = PBXFileReference; lastKnownFileType = sourcecode.swift; path = FlixUITestsLaunchTests.swift; sourceTree = "<group>"; };
		B63C06F027C0733A002C53C4 /* Assets.xcassets */ = {isa = PBXFileReference; lastKnownFileType = folder.assetcatalog; path = Assets.xcassets; sourceTree = "<group>"; };
		B63C06F227C07934002C53C4 /* MoviesViewController.swift */ = {isa = PBXFileReference; lastKnownFileType = sourcecode.swift; path = MoviesViewController.swift; sourceTree = "<group>"; };
		B63C06F427C09831002C53C4 /* MovieCell.swift */ = {isa = PBXFileReference; lastKnownFileType = sourcecode.swift; path = MovieCell.swift; sourceTree = "<group>"; };
		D20AECA2FC3ED04243E9005A /* Pods_FlixTests.framework */ = {isa = PBXFileReference; explicitFileType = wrapper.framework; includeInIndex = 0; path = Pods_FlixTests.framework; sourceTree = BUILT_PRODUCTS_DIR; };
		F6A4DFAAF2B218C6F58D3F3C /* Pods-Flix.debug.xcconfig */ = {isa = PBXFileReference; includeInIndex = 1; lastKnownFileType = text.xcconfig; name = "Pods-Flix.debug.xcconfig"; path = "Target Support Files/Pods-Flix/Pods-Flix.debug.xcconfig"; sourceTree = "<group>"; };
/* End PBXFileReference section */

/* Begin PBXFrameworksBuildPhase section */
		B63C06B427BF8250002C53C4 /* Frameworks */ = {
			isa = PBXFrameworksBuildPhase;
			buildActionMask = 2147483647;
			files = (
				B63C06F827C0A37E002C53C4 /* AlamofireImage in Frameworks */,
				B00607E38A44EA0B4CA6FD2F /* Pods_Flix.framework in Frameworks */,
			);
			runOnlyForDeploymentPostprocessing = 0;
		};
		B63C06CA27BF8251002C53C4 /* Frameworks */ = {
			isa = PBXFrameworksBuildPhase;
			buildActionMask = 2147483647;
			files = (
				EF30E4FDD3036E8F0E1A2104 /* Pods_FlixTests.framework in Frameworks */,
			);
			runOnlyForDeploymentPostprocessing = 0;
		};
		B63C06D427BF8251002C53C4 /* Frameworks */ = {
			isa = PBXFrameworksBuildPhase;
			buildActionMask = 2147483647;
			files = (
				D876FC315BECC8DED482141D /* Pods_Flix_FlixUITests.framework in Frameworks */,
			);
			runOnlyForDeploymentPostprocessing = 0;
		};
/* End PBXFrameworksBuildPhase section */

/* Begin PBXGroup section */
		117148C7D022C84743D3A12D /* Pods */ = {
			isa = PBXGroup;
			children = (
				F6A4DFAAF2B218C6F58D3F3C /* Pods-Flix.debug.xcconfig */,
				5D81D72D8ECE4FEE84568F49 /* Pods-Flix.release.xcconfig */,
				71A44CFB11C9D99BBBD70D4A /* Pods-Flix-FlixUITests.debug.xcconfig */,
				B14B5A8156C93DA5875D79D4 /* Pods-Flix-FlixUITests.release.xcconfig */,
				9ABFE9C623B5400ABB1268F5 /* Pods-FlixTests.debug.xcconfig */,
				4825DF957FF67763F49FCFBE /* Pods-FlixTests.release.xcconfig */,
			);
			name = Pods;
			path = Pods;
			sourceTree = "<group>";
		};
		214803196AA59F7465F96A52 /* Frameworks */ = {
			isa = PBXGroup;
			children = (
				B110D5CDA8C3CE3C5B8316E9 /* Pods_Flix.framework */,
				83AEF56E4A2580830EE18B77 /* Pods_Flix_FlixUITests.framework */,
				D20AECA2FC3ED04243E9005A /* Pods_FlixTests.framework */,
			);
			name = Frameworks;
			sourceTree = "<group>";
		};
		B63C06AE27BF8250002C53C4 = {
			isa = PBXGroup;
			children = (
				B63C06B927BF8250002C53C4 /* Flix */,
				B63C06D027BF8251002C53C4 /* FlixTests */,
				B63C06DA27BF8251002C53C4 /* FlixUITests */,
				B63C06B827BF8250002C53C4 /* Products */,
				117148C7D022C84743D3A12D /* Pods */,
				214803196AA59F7465F96A52 /* Frameworks */,
			);
			sourceTree = "<group>";
		};
		B63C06B827BF8250002C53C4 /* Products */ = {
			isa = PBXGroup;
			children = (
				B63C06B727BF8250002C53C4 /* Flix.app */,
				B63C06CD27BF8251002C53C4 /* FlixTests.xctest */,
				B63C06D727BF8251002C53C4 /* FlixUITests.xctest */,
			);
			name = Products;
			sourceTree = "<group>";
		};
		B63C06B927BF8250002C53C4 /* Flix */ = {
			isa = PBXGroup;
			children = (
				B63C06F427C09831002C53C4 /* MovieCell.swift */,
				B63C06F027C0733A002C53C4 /* Assets.xcassets */,
				B63C06BA27BF8250002C53C4 /* AppDelegate.swift */,
				B63C06BC27BF8250002C53C4 /* SceneDelegate.swift */,
				B63C06BE27BF8250002C53C4 /* ViewController.swift */,
				B63C06C027BF8250002C53C4 /* Main.storyboard */,
				B63C06C527BF8251002C53C4 /* LaunchScreen.storyboard */,
				B63C06C827BF8251002C53C4 /* Info.plist */,
				B63C06F227C07934002C53C4 /* MoviesViewController.swift */,
			);
			path = Flix;
			sourceTree = "<group>";
		};
		B63C06D027BF8251002C53C4 /* FlixTests */ = {
			isa = PBXGroup;
			children = (
				B63C06D127BF8251002C53C4 /* FlixTests.swift */,
			);
			path = FlixTests;
			sourceTree = "<group>";
		};
		B63C06DA27BF8251002C53C4 /* FlixUITests */ = {
			isa = PBXGroup;
			children = (
				B63C06DB27BF8251002C53C4 /* FlixUITests.swift */,
				B63C06DD27BF8251002C53C4 /* FlixUITestsLaunchTests.swift */,
			);
			path = FlixUITests;
			sourceTree = "<group>";
		};
/* End PBXGroup section */

/* Begin PBXNativeTarget section */
		B63C06B627BF8250002C53C4 /* Flix */ = {
			isa = PBXNativeTarget;
			buildConfigurationList = B63C06E127BF8252002C53C4 /* Build configuration list for PBXNativeTarget "Flix" */;
			buildPhases = (
				812F83D5411D99048B985EB2 /* [CP] Check Pods Manifest.lock */,
				B63C06B327BF8250002C53C4 /* Sources */,
				B63C06B427BF8250002C53C4 /* Frameworks */,
				B63C06B527BF8250002C53C4 /* Resources */,
				D3A6AA5548DD95AF973F1E2C /* [CP] Embed Pods Frameworks */,
			);
			buildRules = (
			);
			dependencies = (
			);
			name = Flix;
			packageProductDependencies = (
				B63C06F727C0A37E002C53C4 /* AlamofireImage */,
			);
			productName = Flix;
			productReference = B63C06B727BF8250002C53C4 /* Flix.app */;
			productType = "com.apple.product-type.application";
		};
		B63C06CC27BF8251002C53C4 /* FlixTests */ = {
			isa = PBXNativeTarget;
			buildConfigurationList = B63C06E427BF8252002C53C4 /* Build configuration list for PBXNativeTarget "FlixTests" */;
			buildPhases = (
				083046E0443E36E387D92CD3 /* [CP] Check Pods Manifest.lock */,
				B63C06C927BF8251002C53C4 /* Sources */,
				B63C06CA27BF8251002C53C4 /* Frameworks */,
				B63C06CB27BF8251002C53C4 /* Resources */,
			);
			buildRules = (
			);
			dependencies = (
				B63C06CF27BF8251002C53C4 /* PBXTargetDependency */,
			);
			name = FlixTests;
			productName = FlixTests;
			productReference = B63C06CD27BF8251002C53C4 /* FlixTests.xctest */;
			productType = "com.apple.product-type.bundle.unit-test";
		};
		B63C06D627BF8251002C53C4 /* FlixUITests */ = {
			isa = PBXNativeTarget;
			buildConfigurationList = B63C06E727BF8252002C53C4 /* Build configuration list for PBXNativeTarget "FlixUITests" */;
			buildPhases = (
				C7EF6F5DB470F89D3557BB55 /* [CP] Check Pods Manifest.lock */,
				B63C06D327BF8251002C53C4 /* Sources */,
				B63C06D427BF8251002C53C4 /* Frameworks */,
				B63C06D527BF8251002C53C4 /* Resources */,
				3189AF4F2BDC6FC9384459A8 /* [CP] Embed Pods Frameworks */,
			);
			buildRules = (
			);
			dependencies = (
				B63C06D927BF8251002C53C4 /* PBXTargetDependency */,
			);
			name = FlixUITests;
			productName = FlixUITests;
			productReference = B63C06D727BF8251002C53C4 /* FlixUITests.xctest */;
			productType = "com.apple.product-type.bundle.ui-testing";
		};
/* End PBXNativeTarget section */

/* Begin PBXProject section */
		B63C06AF27BF8250002C53C4 /* Project object */ = {
			isa = PBXProject;
			attributes = {
				BuildIndependentTargetsInParallel = 1;
				LastSwiftUpdateCheck = 1320;
				LastUpgradeCheck = 1320;
				TargetAttributes = {
					B63C06B627BF8250002C53C4 = {
						CreatedOnToolsVersion = 13.2.1;
					};
					B63C06CC27BF8251002C53C4 = {
						CreatedOnToolsVersion = 13.2.1;
						TestTargetID = B63C06B627BF8250002C53C4;
					};
					B63C06D627BF8251002C53C4 = {
						CreatedOnToolsVersion = 13.2.1;
						TestTargetID = B63C06B627BF8250002C53C4;
					};
				};
			};
			buildConfigurationList = B63C06B227BF8250002C53C4 /* Build configuration list for PBXProject "Flix" */;
			compatibilityVersion = "Xcode 13.0";
			developmentRegion = en;
			hasScannedForEncodings = 0;
			knownRegions = (
				en,
				Base,
			);
			mainGroup = B63C06AE27BF8250002C53C4;
			packageReferences = (
				B63C06F627C0A37D002C53C4 /* XCRemoteSwiftPackageReference "AlamofireImage" */,
			);
			productRefGroup = B63C06B827BF8250002C53C4 /* Products */;
			projectDirPath = "";
			projectRoot = "";
			targets = (
				B63C06B627BF8250002C53C4 /* Flix */,
				B63C06CC27BF8251002C53C4 /* FlixTests */,
				B63C06D627BF8251002C53C4 /* FlixUITests */,
			);
		};
/* End PBXProject section */

/* Begin PBXResourcesBuildPhase section */
		B63C06B527BF8250002C53C4 /* Resources */ = {
			isa = PBXResourcesBuildPhase;
			buildActionMask = 2147483647;
			files = (
				B63C06C727BF8251002C53C4 /* LaunchScreen.storyboard in Resources */,
				B63C06F127C0733A002C53C4 /* Assets.xcassets in Resources */,
				B63C06C227BF8250002C53C4 /* Main.storyboard in Resources */,
			);
			runOnlyForDeploymentPostprocessing = 0;
		};
		B63C06CB27BF8251002C53C4 /* Resources */ = {
			isa = PBXResourcesBuildPhase;
			buildActionMask = 2147483647;
			files = (
			);
			runOnlyForDeploymentPostprocessing = 0;
		};
		B63C06D527BF8251002C53C4 /* Resources */ = {
			isa = PBXResourcesBuildPhase;
			buildActionMask = 2147483647;
			files = (
			);
			runOnlyForDeploymentPostprocessing = 0;
		};
/* End PBXResourcesBuildPhase section */

/* Begin PBXShellScriptBuildPhase section */
		083046E0443E36E387D92CD3 /* [CP] Check Pods Manifest.lock */ = {
			isa = PBXShellScriptBuildPhase;
			buildActionMask = 2147483647;
			files = (
			);
			inputFileListPaths = (
			);
			inputPaths = (
				"${PODS_PODFILE_DIR_PATH}/Podfile.lock",
				"${PODS_ROOT}/Manifest.lock",
			);
			name = "[CP] Check Pods Manifest.lock";
			outputFileListPaths = (
			);
			outputPaths = (
				"$(DERIVED_FILE_DIR)/Pods-FlixTests-checkManifestLockResult.txt",
			);
			runOnlyForDeploymentPostprocessing = 0;
			shellPath = /bin/sh;
			shellScript = "diff \"${PODS_PODFILE_DIR_PATH}/Podfile.lock\" \"${PODS_ROOT}/Manifest.lock\" > /dev/null\nif [ $? != 0 ] ; then\n    # print error to STDERR\n    echo \"error: The sandbox is not in sync with the Podfile.lock. Run 'pod install' or update your CocoaPods installation.\" >&2\n    exit 1\nfi\n# This output is used by Xcode 'outputs' to avoid re-running this script phase.\necho \"SUCCESS\" > \"${SCRIPT_OUTPUT_FILE_0}\"\n";
			showEnvVarsInLog = 0;
		};
		3189AF4F2BDC6FC9384459A8 /* [CP] Embed Pods Frameworks */ = {
			isa = PBXShellScriptBuildPhase;
			buildActionMask = 2147483647;
			files = (
			);
			inputFileListPaths = (
				"${PODS_ROOT}/Target Support Files/Pods-Flix-FlixUITests/Pods-Flix-FlixUITests-frameworks-${CONFIGURATION}-input-files.xcfilelist",
			);
			name = "[CP] Embed Pods Frameworks";
			outputFileListPaths = (
				"${PODS_ROOT}/Target Support Files/Pods-Flix-FlixUITests/Pods-Flix-FlixUITests-frameworks-${CONFIGURATION}-output-files.xcfilelist",
			);
			runOnlyForDeploymentPostprocessing = 0;
			shellPath = /bin/sh;
			shellScript = "\"${PODS_ROOT}/Target Support Files/Pods-Flix-FlixUITests/Pods-Flix-FlixUITests-frameworks.sh\"\n";
			showEnvVarsInLog = 0;
		};
		812F83D5411D99048B985EB2 /* [CP] Check Pods Manifest.lock */ = {
			isa = PBXShellScriptBuildPhase;
			buildActionMask = 2147483647;
			files = (
			);
			inputFileListPaths = (
			);
			inputPaths = (
				"${PODS_PODFILE_DIR_PATH}/Podfile.lock",
				"${PODS_ROOT}/Manifest.lock",
			);
			name = "[CP] Check Pods Manifest.lock";
			outputFileListPaths = (
			);
			outputPaths = (
				"$(DERIVED_FILE_DIR)/Pods-Flix-checkManifestLockResult.txt",
			);
			runOnlyForDeploymentPostprocessing = 0;
			shellPath = /bin/sh;
			shellScript = "diff \"${PODS_PODFILE_DIR_PATH}/Podfile.lock\" \"${PODS_ROOT}/Manifest.lock\" > /dev/null\nif [ $? != 0 ] ; then\n    # print error to STDERR\n    echo \"error: The sandbox is not in sync with the Podfile.lock. Run 'pod install' or update your CocoaPods installation.\" >&2\n    exit 1\nfi\n# This output is used by Xcode 'outputs' to avoid re-running this script phase.\necho \"SUCCESS\" > \"${SCRIPT_OUTPUT_FILE_0}\"\n";
			showEnvVarsInLog = 0;
		};
		C7EF6F5DB470F89D3557BB55 /* [CP] Check Pods Manifest.lock */ = {
			isa = PBXShellScriptBuildPhase;
			buildActionMask = 2147483647;
			files = (
			);
			inputFileListPaths = (
			);
			inputPaths = (
				"${PODS_PODFILE_DIR_PATH}/Podfile.lock",
				"${PODS_ROOT}/Manifest.lock",
			);
			name = "[CP] Check Pods Manifest.lock";
			outputFileListPaths = (
			);
			outputPaths = (
				"$(DERIVED_FILE_DIR)/Pods-Flix-FlixUITests-checkManifestLockResult.txt",
			);
			runOnlyForDeploymentPostprocessing = 0;
			shellPath = /bin/sh;
			shellScript = "diff \"${PODS_PODFILE_DIR_PATH}/Podfile.lock\" \"${PODS_ROOT}/Manifest.lock\" > /dev/null\nif [ $? != 0 ] ; then\n    # print error to STDERR\n    echo \"error: The sandbox is not in sync with the Podfile.lock. Run 'pod install' or update your CocoaPods installation.\" >&2\n    exit 1\nfi\n# This output is used by Xcode 'outputs' to avoid re-running this script phase.\necho \"SUCCESS\" > \"${SCRIPT_OUTPUT_FILE_0}\"\n";
			showEnvVarsInLog = 0;
		};
		D3A6AA5548DD95AF973F1E2C /* [CP] Embed Pods Frameworks */ = {
			isa = PBXShellScriptBuildPhase;
			buildActionMask = 2147483647;
			files = (
			);
			inputFileListPaths = (
				"${PODS_ROOT}/Target Support Files/Pods-Flix/Pods-Flix-frameworks-${CONFIGURATION}-input-files.xcfilelist",
			);
			name = "[CP] Embed Pods Frameworks";
			outputFileListPaths = (
				"${PODS_ROOT}/Target Support Files/Pods-Flix/Pods-Flix-frameworks-${CONFIGURATION}-output-files.xcfilelist",
			);
			runOnlyForDeploymentPostprocessing = 0;
			shellPath = /bin/sh;
			shellScript = "\"${PODS_ROOT}/Target Support Files/Pods-Flix/Pods-Flix-frameworks.sh\"\n";
			showEnvVarsInLog = 0;
		};
/* End PBXShellScriptBuildPhase section */

/* Begin PBXSourcesBuildPhase section */
		B63C06B327BF8250002C53C4 /* Sources */ = {
			isa = PBXSourcesBuildPhase;
			buildActionMask = 2147483647;
			files = (
				B63C06BF27BF8250002C53C4 /* ViewController.swift in Sources */,
				B63C06BB27BF8250002C53C4 /* AppDelegate.swift in Sources */,
				B63C06BD27BF8250002C53C4 /* SceneDelegate.swift in Sources */,
				B63C06F527C09831002C53C4 /* MovieCell.swift in Sources */,
				B63C06F327C07934002C53C4 /* MoviesViewController.swift in Sources */,
			);
			runOnlyForDeploymentPostprocessing = 0;
		};
		B63C06C927BF8251002C53C4 /* Sources */ = {
			isa = PBXSourcesBuildPhase;
			buildActionMask = 2147483647;
			files = (
				B63C06D227BF8251002C53C4 /* FlixTests.swift in Sources */,
			);
			runOnlyForDeploymentPostprocessing = 0;
		};
		B63C06D327BF8251002C53C4 /* Sources */ = {
			isa = PBXSourcesBuildPhase;
			buildActionMask = 2147483647;
			files = (
				B63C06DC27BF8251002C53C4 /* FlixUITests.swift in Sources */,
				B63C06DE27BF8252002C53C4 /* FlixUITestsLaunchTests.swift in Sources */,
			);
			runOnlyForDeploymentPostprocessing = 0;
		};
/* End PBXSourcesBuildPhase section */

/* Begin PBXTargetDependency section */
		B63C06CF27BF8251002C53C4 /* PBXTargetDependency */ = {
			isa = PBXTargetDependency;
			target = B63C06B627BF8250002C53C4 /* Flix */;
			targetProxy = B63C06CE27BF8251002C53C4 /* PBXContainerItemProxy */;
		};
		B63C06D927BF8251002C53C4 /* PBXTargetDependency */ = {
			isa = PBXTargetDependency;
			target = B63C06B627BF8250002C53C4 /* Flix */;
			targetProxy = B63C06D827BF8251002C53C4 /* PBXContainerItemProxy */;
		};
/* End PBXTargetDependency section */

/* Begin PBXVariantGroup section */
		B63C06C027BF8250002C53C4 /* Main.storyboard */ = {
			isa = PBXVariantGroup;
			children = (
				B63C06C127BF8250002C53C4 /* Base */,
			);
			name = Main.storyboard;
			sourceTree = "<group>";
		};
		B63C06C527BF8251002C53C4 /* LaunchScreen.storyboard */ = {
			isa = PBXVariantGroup;
			children = (
				B63C06C627BF8251002C53C4 /* Base */,
			);
			name = LaunchScreen.storyboard;
			sourceTree = "<group>";
		};
/* End PBXVariantGroup section */

/* Begin XCBuildConfiguration section */
		B63C06DF27BF8252002C53C4 /* Debug */ = {
			isa = XCBuildConfiguration;
			buildSettings = {
				ALWAYS_SEARCH_USER_PATHS = NO;
				CLANG_ANALYZER_NONNULL = YES;
				CLANG_ANALYZER_NUMBER_OBJECT_CONVERSION = YES_AGGRESSIVE;
				CLANG_CXX_LANGUAGE_STANDARD = "gnu++17";
				CLANG_CXX_LIBRARY = "libc++";
				CLANG_ENABLE_MODULES = YES;
				CLANG_ENABLE_OBJC_ARC = YES;
				CLANG_ENABLE_OBJC_WEAK = YES;
				CLANG_WARN_BLOCK_CAPTURE_AUTORELEASING = YES;
				CLANG_WARN_BOOL_CONVERSION = YES;
				CLANG_WARN_COMMA = YES;
				CLANG_WARN_CONSTANT_CONVERSION = YES;
				CLANG_WARN_DEPRECATED_OBJC_IMPLEMENTATIONS = YES;
				CLANG_WARN_DIRECT_OBJC_ISA_USAGE = YES_ERROR;
				CLANG_WARN_DOCUMENTATION_COMMENTS = YES;
				CLANG_WARN_EMPTY_BODY = YES;
				CLANG_WARN_ENUM_CONVERSION = YES;
				CLANG_WARN_INFINITE_RECURSION = YES;
				CLANG_WARN_INT_CONVERSION = YES;
				CLANG_WARN_NON_LITERAL_NULL_CONVERSION = YES;
				CLANG_WARN_OBJC_IMPLICIT_RETAIN_SELF = YES;
				CLANG_WARN_OBJC_LITERAL_CONVERSION = YES;
				CLANG_WARN_OBJC_ROOT_CLASS = YES_ERROR;
				CLANG_WARN_QUOTED_INCLUDE_IN_FRAMEWORK_HEADER = YES;
				CLANG_WARN_RANGE_LOOP_ANALYSIS = YES;
				CLANG_WARN_STRICT_PROTOTYPES = YES;
				CLANG_WARN_SUSPICIOUS_MOVE = YES;
				CLANG_WARN_UNGUARDED_AVAILABILITY = YES_AGGRESSIVE;
				CLANG_WARN_UNREACHABLE_CODE = YES;
				CLANG_WARN__DUPLICATE_METHOD_MATCH = YES;
				COPY_PHASE_STRIP = NO;
				DEBUG_INFORMATION_FORMAT = dwarf;
				ENABLE_STRICT_OBJC_MSGSEND = YES;
				ENABLE_TESTABILITY = YES;
				GCC_C_LANGUAGE_STANDARD = gnu11;
				GCC_DYNAMIC_NO_PIC = NO;
				GCC_NO_COMMON_BLOCKS = YES;
				GCC_OPTIMIZATION_LEVEL = 0;
				GCC_PREPROCESSOR_DEFINITIONS = (
					"DEBUG=1",
					"$(inherited)",
				);
				GCC_WARN_64_TO_32_BIT_CONVERSION = YES;
				GCC_WARN_ABOUT_RETURN_TYPE = YES_ERROR;
				GCC_WARN_UNDECLARED_SELECTOR = YES;
				GCC_WARN_UNINITIALIZED_AUTOS = YES_AGGRESSIVE;
				GCC_WARN_UNUSED_FUNCTION = YES;
				GCC_WARN_UNUSED_VARIABLE = YES;
				IPHONEOS_DEPLOYMENT_TARGET = 15.2;
				MTL_ENABLE_DEBUG_INFO = INCLUDE_SOURCE;
				MTL_FAST_MATH = YES;
				ONLY_ACTIVE_ARCH = YES;
				SDKROOT = iphoneos;
				SWIFT_ACTIVE_COMPILATION_CONDITIONS = DEBUG;
				SWIFT_OPTIMIZATION_LEVEL = "-Onone";
			};
			name = Debug;
		};
		B63C06E027BF8252002C53C4 /* Release */ = {
			isa = XCBuildConfiguration;
			buildSettings = {
				ALWAYS_SEARCH_USER_PATHS = NO;
				CLANG_ANALYZER_NONNULL = YES;
				CLANG_ANALYZER_NUMBER_OBJECT_CONVERSION = YES_AGGRESSIVE;
				CLANG_CXX_LANGUAGE_STANDARD = "gnu++17";
				CLANG_CXX_LIBRARY = "libc++";
				CLANG_ENABLE_MODULES = YES;
				CLANG_ENABLE_OBJC_ARC = YES;
				CLANG_ENABLE_OBJC_WEAK = YES;
				CLANG_WARN_BLOCK_CAPTURE_AUTORELEASING = YES;
				CLANG_WARN_BOOL_CONVERSION = YES;
				CLANG_WARN_COMMA = YES;
				CLANG_WARN_CONSTANT_CONVERSION = YES;
				CLANG_WARN_DEPRECATED_OBJC_IMPLEMENTATIONS = YES;
				CLANG_WARN_DIRECT_OBJC_ISA_USAGE = YES_ERROR;
				CLANG_WARN_DOCUMENTATION_COMMENTS = YES;
				CLANG_WARN_EMPTY_BODY = YES;
				CLANG_WARN_ENUM_CONVERSION = YES;
				CLANG_WARN_INFINITE_RECURSION = YES;
				CLANG_WARN_INT_CONVERSION = YES;
				CLANG_WARN_NON_LITERAL_NULL_CONVERSION = YES;
				CLANG_WARN_OBJC_IMPLICIT_RETAIN_SELF = YES;
				CLANG_WARN_OBJC_LITERAL_CONVERSION = YES;
				CLANG_WARN_OBJC_ROOT_CLASS = YES_ERROR;
				CLANG_WARN_QUOTED_INCLUDE_IN_FRAMEWORK_HEADER = YES;
				CLANG_WARN_RANGE_LOOP_ANALYSIS = YES;
				CLANG_WARN_STRICT_PROTOTYPES = YES;
				CLANG_WARN_SUSPICIOUS_MOVE = YES;
				CLANG_WARN_UNGUARDED_AVAILABILITY = YES_AGGRESSIVE;
				CLANG_WARN_UNREACHABLE_CODE = YES;
				CLANG_WARN__DUPLICATE_METHOD_MATCH = YES;
				COPY_PHASE_STRIP = NO;
				DEBUG_INFORMATION_FORMAT = "dwarf-with-dsym";
				ENABLE_NS_ASSERTIONS = NO;
				ENABLE_STRICT_OBJC_MSGSEND = YES;
				GCC_C_LANGUAGE_STANDARD = gnu11;
				GCC_NO_COMMON_BLOCKS = YES;
				GCC_WARN_64_TO_32_BIT_CONVERSION = YES;
				GCC_WARN_ABOUT_RETURN_TYPE = YES_ERROR;
				GCC_WARN_UNDECLARED_SELECTOR = YES;
				GCC_WARN_UNINITIALIZED_AUTOS = YES_AGGRESSIVE;
				GCC_WARN_UNUSED_FUNCTION = YES;
				GCC_WARN_UNUSED_VARIABLE = YES;
				IPHONEOS_DEPLOYMENT_TARGET = 15.2;
				MTL_ENABLE_DEBUG_INFO = NO;
				MTL_FAST_MATH = YES;
				SDKROOT = iphoneos;
				SWIFT_COMPILATION_MODE = wholemodule;
				SWIFT_OPTIMIZATION_LEVEL = "-O";
				VALIDATE_PRODUCT = YES;
			};
			name = Release;
		};
		B63C06E227BF8252002C53C4 /* Debug */ = {
			isa = XCBuildConfiguration;
			baseConfigurationReference = F6A4DFAAF2B218C6F58D3F3C /* Pods-Flix.debug.xcconfig */;
			buildSettings = {
				ASSETCATALOG_COMPILER_APPICON_NAME = AppIcon;
				ASSETCATALOG_COMPILER_GLOBAL_ACCENT_COLOR_NAME = AccentColor;
				CODE_SIGN_STYLE = Automatic;
				CURRENT_PROJECT_VERSION = 1;
				DEVELOPMENT_TEAM = 7HX58YYQGS;
				GENERATE_INFOPLIST_FILE = YES;
				INFOPLIST_FILE = Flix/Info.plist;
				INFOPLIST_KEY_UIApplicationSupportsIndirectInputEvents = YES;
				INFOPLIST_KEY_UILaunchStoryboardName = LaunchScreen;
				INFOPLIST_KEY_UIMainStoryboardFile = Main;
				INFOPLIST_KEY_UISupportedInterfaceOrientations_iPad = "UIInterfaceOrientationPortrait UIInterfaceOrientationPortraitUpsideDown UIInterfaceOrientationLandscapeLeft UIInterfaceOrientationLandscapeRight";
				INFOPLIST_KEY_UISupportedInterfaceOrientations_iPhone = "UIInterfaceOrientationPortrait UIInterfaceOrientationLandscapeLeft UIInterfaceOrientationLandscapeRight";
				LD_RUNPATH_SEARCH_PATHS = (
					"$(inherited)",
					"@executable_path/Frameworks",
				);
				MARKETING_VERSION = 1.0;
				PRODUCT_BUNDLE_IDENTIFIER = "com.Wei-Xia.Flix";
				PRODUCT_NAME = "$(TARGET_NAME)";
				SWIFT_EMIT_LOC_STRINGS = YES;
				SWIFT_VERSION = 5.0;
				TARGETED_DEVICE_FAMILY = "1,2";
			};
			name = Debug;
		};
		B63C06E327BF8252002C53C4 /* Release */ = {
			isa = XCBuildConfiguration;
			baseConfigurationReference = 5D81D72D8ECE4FEE84568F49 /* Pods-Flix.release.xcconfig */;
			buildSettings = {
				ASSETCATALOG_COMPILER_APPICON_NAME = AppIcon;
				ASSETCATALOG_COMPILER_GLOBAL_ACCENT_COLOR_NAME = AccentColor;
				CODE_SIGN_STYLE = Automatic;
				CURRENT_PROJECT_VERSION = 1;
				DEVELOPMENT_TEAM = 7HX58YYQGS;
				GENERATE_INFOPLIST_FILE = YES;
				INFOPLIST_FILE = Flix/Info.plist;
				INFOPLIST_KEY_UIApplicationSupportsIndirectInputEvents = YES;
				INFOPLIST_KEY_UILaunchStoryboardName = LaunchScreen;
				INFOPLIST_KEY_UIMainStoryboardFile = Main;
				INFOPLIST_KEY_UISupportedInterfaceOrientations_iPad = "UIInterfaceOrientationPortrait UIInterfaceOrientationPortraitUpsideDown UIInterfaceOrientationLandscapeLeft UIInterfaceOrientationLandscapeRight";
				INFOPLIST_KEY_UISupportedInterfaceOrientations_iPhone = "UIInterfaceOrientationPortrait UIInterfaceOrientationLandscapeLeft UIInterfaceOrientationLandscapeRight";
				LD_RUNPATH_SEARCH_PATHS = (
					"$(inherited)",
					"@executable_path/Frameworks",
				);
				MARKETING_VERSION = 1.0;
				PRODUCT_BUNDLE_IDENTIFIER = "com.Wei-Xia.Flix";
				PRODUCT_NAME = "$(TARGET_NAME)";
				SWIFT_EMIT_LOC_STRINGS = YES;
				SWIFT_VERSION = 5.0;
				TARGETED_DEVICE_FAMILY = "1,2";
			};
			name = Release;
		};
		B63C06E527BF8252002C53C4 /* Debug */ = {
			isa = XCBuildConfiguration;
			baseConfigurationReference = 9ABFE9C623B5400ABB1268F5 /* Pods-FlixTests.debug.xcconfig */;
			buildSettings = {
				ALWAYS_EMBED_SWIFT_STANDARD_LIBRARIES = YES;
				BUNDLE_LOADER = "$(TEST_HOST)";
				CODE_SIGN_STYLE = Automatic;
				CURRENT_PROJECT_VERSION = 1;
				DEVELOPMENT_TEAM = 7HX58YYQGS;
				GENERATE_INFOPLIST_FILE = YES;
				IPHONEOS_DEPLOYMENT_TARGET = 15.2;
				MARKETING_VERSION = 1.0;
				PRODUCT_BUNDLE_IDENTIFIER = "com.Wei-Xia.FlixTests";
				PRODUCT_NAME = "$(TARGET_NAME)";
				SWIFT_EMIT_LOC_STRINGS = NO;
				SWIFT_VERSION = 5.0;
				TARGETED_DEVICE_FAMILY = "1,2";
				TEST_HOST = "$(BUILT_PRODUCTS_DIR)/Flix.app/Flix";
			};
			name = Debug;
		};
		B63C06E627BF8252002C53C4 /* Release */ = {
			isa = XCBuildConfiguration;
			baseConfigurationReference = 4825DF957FF67763F49FCFBE /* Pods-FlixTests.release.xcconfig */;
			buildSettings = {
				ALWAYS_EMBED_SWIFT_STANDARD_LIBRARIES = YES;
				BUNDLE_LOADER = "$(TEST_HOST)";
				CODE_SIGN_STYLE = Automatic;
				CURRENT_PROJECT_VERSION = 1;
				DEVELOPMENT_TEAM = 7HX58YYQGS;
				GENERATE_INFOPLIST_FILE = YES;
				IPHONEOS_DEPLOYMENT_TARGET = 15.2;
				MARKETING_VERSION = 1.0;
				PRODUCT_BUNDLE_IDENTIFIER = "com.Wei-Xia.FlixTests";
				PRODUCT_NAME = "$(TARGET_NAME)";
				SWIFT_EMIT_LOC_STRINGS = NO;
				SWIFT_VERSION = 5.0;
				TARGETED_DEVICE_FAMILY = "1,2";
				TEST_HOST = "$(BUILT_PRODUCTS_DIR)/Flix.app/Flix";
			};
			name = Release;
		};
		B63C06E827BF8252002C53C4 /* Debug */ = {
			isa = XCBuildConfiguration;
			baseConfigurationReference = 71A44CFB11C9D99BBBD70D4A /* Pods-Flix-FlixUITests.debug.xcconfig */;
			buildSettings = {
				ALWAYS_EMBED_SWIFT_STANDARD_LIBRARIES = YES;
				CODE_SIGN_STYLE = Automatic;
				CURRENT_PROJECT_VERSION = 1;
				DEVELOPMENT_TEAM = 7HX58YYQGS;
				GENERATE_INFOPLIST_FILE = YES;
				MARKETING_VERSION = 1.0;
				PRODUCT_BUNDLE_IDENTIFIER = "com.Wei-Xia.FlixUITests";
				PRODUCT_NAME = "$(TARGET_NAME)";
				SWIFT_EMIT_LOC_STRINGS = NO;
				SWIFT_VERSION = 5.0;
				TARGETED_DEVICE_FAMILY = "1,2";
				TEST_TARGET_NAME = Flix;
			};
			name = Debug;
		};
		B63C06E927BF8252002C53C4 /* Release */ = {
			isa = XCBuildConfiguration;
			baseConfigurationReference = B14B5A8156C93DA5875D79D4 /* Pods-Flix-FlixUITests.release.xcconfig */;
			buildSettings = {
				ALWAYS_EMBED_SWIFT_STANDARD_LIBRARIES = YES;
				CODE_SIGN_STYLE = Automatic;
				CURRENT_PROJECT_VERSION = 1;
				DEVELOPMENT_TEAM = 7HX58YYQGS;
				GENERATE_INFOPLIST_FILE = YES;
				MARKETING_VERSION = 1.0;
				PRODUCT_BUNDLE_IDENTIFIER = "com.Wei-Xia.FlixUITests";
				PRODUCT_NAME = "$(TARGET_NAME)";
				SWIFT_EMIT_LOC_STRINGS = NO;
				SWIFT_VERSION = 5.0;
				TARGETED_DEVICE_FAMILY = "1,2";
				TEST_TARGET_NAME = Flix;
			};
			name = Release;
		};
/* End XCBuildConfiguration section */

/* Begin XCConfigurationList section */
		B63C06B227BF8250002C53C4 /* Build configuration list for PBXProject "Flix" */ = {
			isa = XCConfigurationList;
			buildConfigurations = (
				B63C06DF27BF8252002C53C4 /* Debug */,
				B63C06E027BF8252002C53C4 /* Release */,
			);
			defaultConfigurationIsVisible = 0;
			defaultConfigurationName = Release;
		};
		B63C06E127BF8252002C53C4 /* Build configuration list for PBXNativeTarget "Flix" */ = {
			isa = XCConfigurationList;
			buildConfigurations = (
				B63C06E227BF8252002C53C4 /* Debug */,
				B63C06E327BF8252002C53C4 /* Release */,
			);
			defaultConfigurationIsVisible = 0;
			defaultConfigurationName = Release;
		};
		B63C06E427BF8252002C53C4 /* Build configuration list for PBXNativeTarget "FlixTests" */ = {
			isa = XCConfigurationList;
			buildConfigurations = (
				B63C06E527BF8252002C53C4 /* Debug */,
				B63C06E627BF8252002C53C4 /* Release */,
			);
			defaultConfigurationIsVisible = 0;
			defaultConfigurationName = Release;
		};
		B63C06E727BF8252002C53C4 /* Build configuration list for PBXNativeTarget "FlixUITests" */ = {
			isa = XCConfigurationList;
			buildConfigurations = (
				B63C06E827BF8252002C53C4 /* Debug */,
				B63C06E927BF8252002C53C4 /* Release */,
			);
			defaultConfigurationIsVisible = 0;
			defaultConfigurationName = Release;
		};
/* End XCConfigurationList section */

/* Begin XCRemoteSwiftPackageReference section */
		B63C06F627C0A37D002C53C4 /* XCRemoteSwiftPackageReference "AlamofireImage" */ = {
			isa = XCRemoteSwiftPackageReference;
			repositoryURL = "https://github.com/Alamofire/AlamofireImage";
			requirement = {
				kind = upToNextMajorVersion;
				minimumVersion = 4.0.0;
			};
		};
/* End XCRemoteSwiftPackageReference section */

/* Begin XCSwiftPackageProductDependency section */
		B63C06F727C0A37E002C53C4 /* AlamofireImage */ = {
			isa = XCSwiftPackageProductDependency;
			package = B63C06F627C0A37D002C53C4 /* XCRemoteSwiftPackageReference "AlamofireImage" */;
			productName = AlamofireImage;
		};
/* End XCSwiftPackageProductDependency section */
	};
	rootObject = B63C06AF27BF8250002C53C4 /* Project object */;
}
